
Microsoft Visual Studio Solution File, Format Version 12.00
# Visual Studio Version 16
VisualStudioVersion = 16.0.29709.97
MinimumVisualStudioVersion = 10.0.40219.1
Project("{2150E333-8FDC-42A3-9474-1A3956D46DE8}") = "Microservices", "Microservices", "{D35D4F91-2934-4C80-83C5-02709E6D6FFD}"
EndProject
Project("{2150E333-8FDC-42A3-9474-1A3956D46DE8}") = "Resources", "Resources", "{BEAA6CA4-CD8D-47EF-AC5D-07D09C3EE169}"
EndProject
Project("{2150E333-8FDC-42A3-9474-1A3956D46DE8}") = "Messaging", "Messaging", "{8E63D55F-01B5-413D-8F20-6916085957D9}"
EndProject
Project("{2150E333-8FDC-42A3-9474-1A3956D46DE8}") = "Tracking", "Tracking", "{2F27FD88-44C4-412C-BC90-1E3B227A9AD8}"
EndProject
Project("{2150E333-8FDC-42A3-9474-1A3956D46DE8}") = "Radio", "Radio", "{4FBE888D-294B-4D53-AB07-E159B6A30770}"
EndProject
Project("{FAE04EC0-301F-11D3-BF4B-00C04F79EFBC}") = "Resources.API", "Resources.API\Resources.API.csproj", "{0CE8A182-85F1-4420-B7E4-F3D40C15F701}"
EndProject
Project("{FAE04EC0-301F-11D3-BF4B-00C04F79EFBC}") = "Resources.Domain", "Resources.Domain\Resources.Domain.csproj", "{5769DD26-4292-418B-A71C-C93A2AB6B03D}"
EndProject
Project("{FAE04EC0-301F-11D3-BF4B-00C04F79EFBC}") = "Resources.Infrastructure", "Resources.Infrastructure\Resources.Infrastructure.csproj", "{3D39DB03-4D71-4152-A601-2AA70E27ED6C}"
EndProject
Global
	GlobalSection(SolutionConfigurationPlatforms) = preSolution
		Debug|Any CPU = Debug|Any CPU
		Release|Any CPU = Release|Any CPU
	EndGlobalSection
	GlobalSection(ProjectConfigurationPlatforms) = postSolution
		{0CE8A182-85F1-4420-B7E4-F3D40C15F701}.Debug|Any CPU.ActiveCfg = Debug|Any CPU
		{0CE8A182-85F1-4420-B7E4-F3D40C15F701}.Debug|Any CPU.Build.0 = Debug|Any CPU
		{0CE8A182-85F1-4420-B7E4-F3D40C15F701}.Release|Any CPU.ActiveCfg = Release|Any CPU
		{0CE8A182-85F1-4420-B7E4-F3D40C15F701}.Release|Any CPU.Build.0 = Release|Any CPU
		{5769DD26-4292-418B-A71C-C93A2AB6B03D}.Debug|Any CPU.ActiveCfg = Debug|Any CPU
		{5769DD26-4292-418B-A71C-C93A2AB6B03D}.Debug|Any CPU.Build.0 = Debug|Any CPU
		{5769DD26-4292-418B-A71C-C93A2AB6B03D}.Release|Any CPU.ActiveCfg = Release|Any CPU
		{5769DD26-4292-418B-A71C-C93A2AB6B03D}.Release|Any CPU.Build.0 = Release|Any CPU
		{3D39DB03-4D71-4152-A601-2AA70E27ED6C}.Debug|Any CPU.ActiveCfg = Debug|Any CPU
		{3D39DB03-4D71-4152-A601-2AA70E27ED6C}.Debug|Any CPU.Build.0 = Debug|Any CPU
		{3D39DB03-4D71-4152-A601-2AA70E27ED6C}.Release|Any CPU.ActiveCfg = Release|Any CPU
		{3D39DB03-4D71-4152-A601-2AA70E27ED6C}.Release|Any CPU.Build.0 = Release|Any CPU
	EndGlobalSection
	GlobalSection(SolutionProperties) = preSolution
		HideSolutionNode = FALSE
	EndGlobalSection
	GlobalSection(NestedProjects) = preSolution
		{BEAA6CA4-CD8D-47EF-AC5D-07D09C3EE169} = {D35D4F91-2934-4C80-83C5-02709E6D6FFD}
		{8E63D55F-01B5-413D-8F20-6916085957D9} = {D35D4F91-2934-4C80-83C5-02709E6D6FFD}
		{2F27FD88-44C4-412C-BC90-1E3B227A9AD8} = {D35D4F91-2934-4C80-83C5-02709E6D6FFD}
		{4FBE888D-294B-4D53-AB07-E159B6A30770} = {D35D4F91-2934-4C80-83C5-02709E6D6FFD}
		{0CE8A182-85F1-4420-B7E4-F3D40C15F701} = {BEAA6CA4-CD8D-47EF-AC5D-07D09C3EE169}
		{5769DD26-4292-418B-A71C-C93A2AB6B03D} = {BEAA6CA4-CD8D-47EF-AC5D-07D09C3EE169}
		{3D39DB03-4D71-4152-A601-2AA70E27ED6C} = {BEAA6CA4-CD8D-47EF-AC5D-07D09C3EE169}
	EndGlobalSection
	GlobalSection(ExtensibilityGlobals) = postSolution
		SolutionGuid = {47F97E34-2334-40D1-AA9A-C7C2AB9A6ED0}
	EndGlobalSection
EndGlobal
